
Microsoft Visual Studio Solution File, Format Version 12.00
# Visual Studio Version 17
VisualStudioVersion = 17.13.35825.156
MinimumVisualStudioVersion = 10.0.40219.1
Project("{FAE04EC0-301F-11D3-BF4B-00C04F79EFBC}") = "MiRs.API", "MiRs.API\MiRs.API.csproj", "{4820086A-3AAB-4825-9648-9BDDCB06E2E1}"
EndProject
Project("{FAE04EC0-301F-11D3-BF4B-00C04F79EFBC}") = "MiRs.Interactors", "MiRs.Interactors\MiRs.Interactors.csproj", "{975B5434-9435-4785-AD08-C516BA0540DE}"
EndProject
Project("{2150E333-8FDC-42A3-9474-1A3956D46DE8}") = "Core", "Core", "{02EA681E-C7D8-13C7-8484-4AC65E1B71E8}"
EndProject
Project("{2150E333-8FDC-42A3-9474-1A3956D46DE8}") = "Presentation", "Presentation", "{85D7D9E8-3007-4BA6-8E96-982814EE2500}"
EndProject
Project("{FAE04EC0-301F-11D3-BF4B-00C04F79EFBC}") = "MiRs.Domain", "MiRs.Domain\MiRs.Domain.csproj", "{977E8DCC-A499-4B9D-B7C2-B19A6549D64A}"
EndProject
Project("{FAE04EC0-301F-11D3-BF4B-00C04F79EFBC}") = "MiRs.Mediator", "MiRs.Mediator\MiRs.Mediator.csproj", "{A556A8FF-BA75-4076-9FAB-657A517C239E}"
EndProject
Project("{FAE04EC0-301F-11D3-BF4B-00C04F79EFBC}") = "MiRS.Gateway", "MiRS.Gateway\MiRS.Gateway.csproj", "{F2DAA6D4-EDD1-477B-BA65-9FB6355095C0}"
EndProject
Project("{2150E333-8FDC-42A3-9474-1A3956D46DE8}") = "Infastructure", "Infastructure", "{FF5EF375-5433-4189-9183-F27F0C884C3E}"
EndProject
Project("{FAE04EC0-301F-11D3-BF4B-00C04F79EFBC}") = "MiRs.RuneClient", "MiRs.RunescapeClient\MiRs.RuneClient.csproj", "{2E396272-868F-4F8C-BEE7-DBB1F6FF2610}"
EndProject
Project("{FAE04EC0-301F-11D3-BF4B-00C04F79EFBC}") = "MiRs.Utils", "MiRs.Utils\MiRs.Utils.csproj", "{217544C8-6DDB-40E6-B39B-5D544E88C47A}"
EndProject
Project("{FAE04EC0-301F-11D3-BF4B-00C04F79EFBC}") = "MiRs.Interfaces", "MiRs.Interfaces\MiRs.Interfaces.csproj", "{125A60A7-87B1-4646-A2F5-7994232CE200}"
EndProject
Project("{2150E333-8FDC-42A3-9474-1A3956D46DE8}") = "Solution Items", "Solution Items", "{8EC462FD-D22E-90A8-E5CE-7E832BA40C5D}"
	ProjectSection(SolutionItems) = preProject
		.editorconfig = .editorconfig
	EndProjectSection
EndProject
Global
	GlobalSection(SolutionConfigurationPlatforms) = preSolution
		Debug|Any CPU = Debug|Any CPU
		Release|Any CPU = Release|Any CPU
	EndGlobalSection
	GlobalSection(ProjectConfigurationPlatforms) = postSolution
		{4820086A-3AAB-4825-9648-9BDDCB06E2E1}.Debug|Any CPU.ActiveCfg = Debug|Any CPU
		{4820086A-3AAB-4825-9648-9BDDCB06E2E1}.Debug|Any CPU.Build.0 = Debug|Any CPU
		{4820086A-3AAB-4825-9648-9BDDCB06E2E1}.Release|Any CPU.ActiveCfg = Release|Any CPU
		{4820086A-3AAB-4825-9648-9BDDCB06E2E1}.Release|Any CPU.Build.0 = Release|Any CPU
		{975B5434-9435-4785-AD08-C516BA0540DE}.Debug|Any CPU.ActiveCfg = Debug|Any CPU
		{975B5434-9435-4785-AD08-C516BA0540DE}.Debug|Any CPU.Build.0 = Debug|Any CPU
		{975B5434-9435-4785-AD08-C516BA0540DE}.Release|Any CPU.ActiveCfg = Release|Any CPU
		{975B5434-9435-4785-AD08-C516BA0540DE}.Release|Any CPU.Build.0 = Release|Any CPU
		{977E8DCC-A499-4B9D-B7C2-B19A6549D64A}.Debug|Any CPU.ActiveCfg = Debug|Any CPU
		{977E8DCC-A499-4B9D-B7C2-B19A6549D64A}.Debug|Any CPU.Build.0 = Debug|Any CPU
		{977E8DCC-A499-4B9D-B7C2-B19A6549D64A}.Release|Any CPU.ActiveCfg = Release|Any CPU
		{977E8DCC-A499-4B9D-B7C2-B19A6549D64A}.Release|Any CPU.Build.0 = Release|Any CPU
		{A556A8FF-BA75-4076-9FAB-657A517C239E}.Debug|Any CPU.ActiveCfg = Debug|Any CPU
		{A556A8FF-BA75-4076-9FAB-657A517C239E}.Debug|Any CPU.Build.0 = Debug|Any CPU
		{A556A8FF-BA75-4076-9FAB-657A517C239E}.Release|Any CPU.ActiveCfg = Release|Any CPU
		{A556A8FF-BA75-4076-9FAB-657A517C239E}.Release|Any CPU.Build.0 = Release|Any CPU
		{F2DAA6D4-EDD1-477B-BA65-9FB6355095C0}.Debug|Any CPU.ActiveCfg = Debug|Any CPU
		{F2DAA6D4-EDD1-477B-BA65-9FB6355095C0}.Debug|Any CPU.Build.0 = Debug|Any CPU
		{F2DAA6D4-EDD1-477B-BA65-9FB6355095C0}.Release|Any CPU.ActiveCfg = Release|Any CPU
		{F2DAA6D4-EDD1-477B-BA65-9FB6355095C0}.Release|Any CPU.Build.0 = Release|Any CPU
		{2E396272-868F-4F8C-BEE7-DBB1F6FF2610}.Debug|Any CPU.ActiveCfg = Debug|Any CPU
		{2E396272-868F-4F8C-BEE7-DBB1F6FF2610}.Debug|Any CPU.Build.0 = Debug|Any CPU
		{2E396272-868F-4F8C-BEE7-DBB1F6FF2610}.Release|Any CPU.ActiveCfg = Release|Any CPU
		{2E396272-868F-4F8C-BEE7-DBB1F6FF2610}.Release|Any CPU.Build.0 = Release|Any CPU
		{217544C8-6DDB-40E6-B39B-5D544E88C47A}.Debug|Any CPU.ActiveCfg = Debug|Any CPU
		{217544C8-6DDB-40E6-B39B-5D544E88C47A}.Debug|Any CPU.Build.0 = Debug|Any CPU
		{217544C8-6DDB-40E6-B39B-5D544E88C47A}.Release|Any CPU.ActiveCfg = Release|Any CPU
		{217544C8-6DDB-40E6-B39B-5D544E88C47A}.Release|Any CPU.Build.0 = Release|Any CPU
		{125A60A7-87B1-4646-A2F5-7994232CE200}.Debug|Any CPU.ActiveCfg = Debug|Any CPU
		{125A60A7-87B1-4646-A2F5-7994232CE200}.Debug|Any CPU.Build.0 = Debug|Any CPU
		{125A60A7-87B1-4646-A2F5-7994232CE200}.Release|Any CPU.ActiveCfg = Release|Any CPU
		{125A60A7-87B1-4646-A2F5-7994232CE200}.Release|Any CPU.Build.0 = Release|Any CPU
	EndGlobalSection
	GlobalSection(SolutionProperties) = preSolution
		HideSolutionNode = FALSE
	EndGlobalSection
	GlobalSection(NestedProjects) = preSolution
		{4820086A-3AAB-4825-9648-9BDDCB06E2E1} = {85D7D9E8-3007-4BA6-8E96-982814EE2500}
		{975B5434-9435-4785-AD08-C516BA0540DE} = {02EA681E-C7D8-13C7-8484-4AC65E1B71E8}
		{977E8DCC-A499-4B9D-B7C2-B19A6549D64A} = {02EA681E-C7D8-13C7-8484-4AC65E1B71E8}
		{A556A8FF-BA75-4076-9FAB-657A517C239E} = {02EA681E-C7D8-13C7-8484-4AC65E1B71E8}
		{F2DAA6D4-EDD1-477B-BA65-9FB6355095C0} = {02EA681E-C7D8-13C7-8484-4AC65E1B71E8}
		{2E396272-868F-4F8C-BEE7-DBB1F6FF2610} = {FF5EF375-5433-4189-9183-F27F0C884C3E}
		{217544C8-6DDB-40E6-B39B-5D544E88C47A} = {FF5EF375-5433-4189-9183-F27F0C884C3E}
		{125A60A7-87B1-4646-A2F5-7994232CE200} = {02EA681E-C7D8-13C7-8484-4AC65E1B71E8}
	EndGlobalSection
	GlobalSection(ExtensibilityGlobals) = postSolution
		SolutionGuid = {F50E342D-08D4-4CF1-B648-BD73F1E6783B}
	EndGlobalSection
EndGlobal
